
Microsoft Visual Studio Solution File, Format Version 12.00
# Visual Studio Version 17
VisualStudioVersion = 17.3.32804.467
MinimumVisualStudioVersion = 10.0.40219.1
Project("{FAE04EC0-301F-11D3-BF4B-00C04F79EFBC}") = "Task1", "Task1\Task1.csproj", "{45CD50FD-8C8B-44A3-ADD3-4793329D9334}"
EndProject
Global
	GlobalSection(SolutionConfigurationPlatforms) = preSolution
		Debug|Any CPU = Debug|Any CPU
		Release|Any CPU = Release|Any CPU
	EndGlobalSection
	GlobalSection(ProjectConfigurationPlatforms) = postSolution
		{45CD50FD-8C8B-44A3-ADD3-4793329D9334}.Debug|Any CPU.ActiveCfg = Debug|Any CPU
		{45CD50FD-8C8B-44A3-ADD3-4793329D9334}.Debug|Any CPU.Build.0 = Debug|Any CPU
		{45CD50FD-8C8B-44A3-ADD3-4793329D9334}.Release|Any CPU.ActiveCfg = Release|Any CPU
		{45CD50FD-8C8B-44A3-ADD3-4793329D9334}.Release|Any CPU.Build.0 = Release|Any CPU
	EndGlobalSection
	GlobalSection(SolutionProperties) = preSolution
		HideSolutionNode = FALSE
	EndGlobalSection
	GlobalSection(ExtensibilityGlobals) = postSolution
		SolutionGuid = {95941127-439F-4B97-9730-59E9D903A01E}
	EndGlobalSection
EndGlobal
